
Microsoft Visual Studio Solution File, Format Version 12.00
# Visual Studio 15
VisualStudioVersion = 15.0.28307.779
MinimumVisualStudioVersion = 10.0.40219.1
Project("{FAE04EC0-301F-11D3-BF4B-00C04F79EFBC}") = "DapurBucyn", "DapurBucyn\DapurBucyn.csproj", "{8ADF12C2-4FC0-4A19-A3F8-FF508502E49A}"
EndProject
Global
	GlobalSection(SolutionConfigurationPlatforms) = preSolution
		Debug|Any CPU = Debug|Any CPU
		Release|Any CPU = Release|Any CPU
	EndGlobalSection
	GlobalSection(ProjectConfigurationPlatforms) = postSolution
		{8ADF12C2-4FC0-4A19-A3F8-FF508502E49A}.Debug|Any CPU.ActiveCfg = Debug|Any CPU
		{8ADF12C2-4FC0-4A19-A3F8-FF508502E49A}.Debug|Any CPU.Build.0 = Debug|Any CPU
		{8ADF12C2-4FC0-4A19-A3F8-FF508502E49A}.Release|Any CPU.ActiveCfg = Release|Any CPU
		{8ADF12C2-4FC0-4A19-A3F8-FF508502E49A}.Release|Any CPU.Build.0 = Release|Any CPU
	EndGlobalSection
	GlobalSection(SolutionProperties) = preSolution
		HideSolutionNode = FALSE
	EndGlobalSection
	GlobalSection(ExtensibilityGlobals) = postSolution
		SolutionGuid = {20413504-7665-4478-B742-D835BFBB1CB5}
	EndGlobalSection
EndGlobal
